
Microsoft Visual Studio Solution File, Format Version 12.00
# Visual Studio Version 16
VisualStudioVersion = 16.0.30517.126
MinimumVisualStudioVersion = 10.0.40219.1
Project("{8BC9CEB8-8B4A-11D0-8D11-00A0C91BC942}") = "实验四（拓扑排序）", "实验四（拓扑排序）\实验四（拓扑排序）.vcxproj", "{47231DAD-CD2B-4105-9714-BD1D99C2FDD5}"
EndProject
Global
	GlobalSection(SolutionConfigurationPlatforms) = preSolution
		Debug|x64 = Debug|x64
		Debug|x86 = Debug|x86
		Release|x64 = Release|x64
		Release|x86 = Release|x86
	EndGlobalSection
	GlobalSection(ProjectConfigurationPlatforms) = postSolution
		{47231DAD-CD2B-4105-9714-BD1D99C2FDD5}.Debug|x64.ActiveCfg = Debug|x64
		{47231DAD-CD2B-4105-9714-BD1D99C2FDD5}.Debug|x64.Build.0 = Debug|x64
		{47231DAD-CD2B-4105-9714-BD1D99C2FDD5}.Debug|x86.ActiveCfg = Debug|Win32
		{47231DAD-CD2B-4105-9714-BD1D99C2FDD5}.Debug|x86.Build.0 = Debug|Win32
		{47231DAD-CD2B-4105-9714-BD1D99C2FDD5}.Release|x64.ActiveCfg = Release|x64
		{47231DAD-CD2B-4105-9714-BD1D99C2FDD5}.Release|x64.Build.0 = Release|x64
		{47231DAD-CD2B-4105-9714-BD1D99C2FDD5}.Release|x86.ActiveCfg = Release|Win32
		{47231DAD-CD2B-4105-9714-BD1D99C2FDD5}.Release|x86.Build.0 = Release|Win32
	EndGlobalSection
	GlobalSection(SolutionProperties) = preSolution
		HideSolutionNode = FALSE
	EndGlobalSection
	GlobalSection(ExtensibilityGlobals) = postSolution
		SolutionGuid = {51CC61E7-E27F-4814-8E2D-89405D6D94CB}
	EndGlobalSection
EndGlobal
